// !$*UTF8*$!
{
	archiveVersion = 1;
	classes = {
	};
	objectVersion = 51;
	objects = {

/* Begin PBXBuildFile section */
		2298BB462665D84B00BFC9D8 /* SwiftUIKit in Frameworks */ = {isa = PBXBuildFile; productRef = 2298BB452665D84B00BFC9D8 /* SwiftUIKit */; };
		2298BB492667022700BFC9D8 /* MoneyForm.swift in Sources */ = {isa = PBXBuildFile; fileRef = 2298BB482667022600BFC9D8 /* MoneyForm.swift */; };
		C798FAF3265F415D00EC2936 /* berriApp.swift in Sources */ = {isa = PBXBuildFile; fileRef = C798FAF2265F415D00EC2936 /* berriApp.swift */; };
		C798FAF5265F415D00EC2936 /* ContentView.swift in Sources */ = {isa = PBXBuildFile; fileRef = C798FAF4265F415D00EC2936 /* ContentView.swift */; };
		C798FAF7265F415F00EC2936 /* Assets.xcassets in Resources */ = {isa = PBXBuildFile; fileRef = C798FAF6265F415F00EC2936 /* Assets.xcassets */; };
		C798FAFA265F415F00EC2936 /* Preview Assets.xcassets in Resources */ = {isa = PBXBuildFile; fileRef = C798FAF9265F415F00EC2936 /* Preview Assets.xcassets */; };
		C798FB04265F430A00EC2936 /* GoogleService-Info.plist in Resources */ = {isa = PBXBuildFile; fileRef = C798FB03265F430A00EC2936 /* GoogleService-Info.plist */; };
		DB8645A526633562005625F7 /* expenditures.swift in Sources */ = {isa = PBXBuildFile; fileRef = DB8645A426633562005625F7 /* expenditures.swift */; };
		DB8645A926634024005625F7 /* models.swift in Sources */ = {isa = PBXBuildFile; fileRef = DB8645A826634024005625F7 /* models.swift */; };
		DB8645AB26658927005625F7 /* total.swift in Sources */ = {isa = PBXBuildFile; fileRef = DB8645AA26658927005625F7 /* total.swift */; };
		DB8645AD2665B3F0005625F7 /* write.swift in Sources */ = {isa = PBXBuildFile; fileRef = DB8645AC2665B3F0005625F7 /* write.swift */; };
		F4BCB9305C9D7CFC92BD1FDC /* Pods_berri.framework in Frameworks */ = {isa = PBXBuildFile; fileRef = CA1C8322DFE7B63A591C1F5E /* Pods_berri.framework */; };
/* End PBXBuildFile section */

/* Begin PBXFileReference section */
		2298BB482667022600BFC9D8 /* MoneyForm.swift */ = {isa = PBXFileReference; lastKnownFileType = sourcecode.swift; path = MoneyForm.swift; sourceTree = "<group>"; };
		B72F694094BBA96BAD5C6C16 /* Pods-berri.debug.xcconfig */ = {isa = PBXFileReference; includeInIndex = 1; lastKnownFileType = text.xcconfig; name = "Pods-berri.debug.xcconfig"; path = "Target Support Files/Pods-berri/Pods-berri.debug.xcconfig"; sourceTree = "<group>"; };
		C798FAEF265F415D00EC2936 /* berri.app */ = {isa = PBXFileReference; explicitFileType = wrapper.application; includeInIndex = 0; path = berri.app; sourceTree = BUILT_PRODUCTS_DIR; };
		C798FAF2265F415D00EC2936 /* berriApp.swift */ = {isa = PBXFileReference; lastKnownFileType = sourcecode.swift; path = berriApp.swift; sourceTree = "<group>"; };
		C798FAF4265F415D00EC2936 /* ContentView.swift */ = {isa = PBXFileReference; lastKnownFileType = sourcecode.swift; path = ContentView.swift; sourceTree = "<group>"; };
		C798FAF6265F415F00EC2936 /* Assets.xcassets */ = {isa = PBXFileReference; lastKnownFileType = folder.assetcatalog; path = Assets.xcassets; sourceTree = "<group>"; };
		C798FAF9265F415F00EC2936 /* Preview Assets.xcassets */ = {isa = PBXFileReference; lastKnownFileType = folder.assetcatalog; path = "Preview Assets.xcassets"; sourceTree = "<group>"; };
		C798FAFB265F415F00EC2936 /* Info.plist */ = {isa = PBXFileReference; lastKnownFileType = text.plist.xml; path = Info.plist; sourceTree = "<group>"; };
		C798FB03265F430A00EC2936 /* GoogleService-Info.plist */ = {isa = PBXFileReference; fileEncoding = 4; lastKnownFileType = text.plist.xml; path = "GoogleService-Info.plist"; sourceTree = "<group>"; };
		CA1C8322DFE7B63A591C1F5E /* Pods_berri.framework */ = {isa = PBXFileReference; explicitFileType = wrapper.framework; includeInIndex = 0; path = Pods_berri.framework; sourceTree = BUILT_PRODUCTS_DIR; };
		DB8645A426633562005625F7 /* expenditures.swift */ = {isa = PBXFileReference; lastKnownFileType = sourcecode.swift; path = expenditures.swift; sourceTree = "<group>"; };
		DB8645A826634024005625F7 /* models.swift */ = {isa = PBXFileReference; lastKnownFileType = sourcecode.swift; path = models.swift; sourceTree = "<group>"; };
		DB8645AA26658927005625F7 /* total.swift */ = {isa = PBXFileReference; lastKnownFileType = sourcecode.swift; path = total.swift; sourceTree = "<group>"; };
		DB8645AC2665B3F0005625F7 /* write.swift */ = {isa = PBXFileReference; lastKnownFileType = sourcecode.swift; path = write.swift; sourceTree = "<group>"; };
		FAD7BA840EB3F47A1F96E8B2 /* Pods-berri.release.xcconfig */ = {isa = PBXFileReference; includeInIndex = 1; lastKnownFileType = text.xcconfig; name = "Pods-berri.release.xcconfig"; path = "Target Support Files/Pods-berri/Pods-berri.release.xcconfig"; sourceTree = "<group>"; };
/* End PBXFileReference section */

/* Begin PBXFrameworksBuildPhase section */
		C798FAEC265F415D00EC2936 /* Frameworks */ = {
			isa = PBXFrameworksBuildPhase;
			buildActionMask = 2147483647;
			files = (
				F4BCB9305C9D7CFC92BD1FDC /* Pods_berri.framework in Frameworks */,
				2298BB462665D84B00BFC9D8 /* SwiftUIKit in Frameworks */,
			);
			runOnlyForDeploymentPostprocessing = 0;
		};
/* End PBXFrameworksBuildPhase section */

/* Begin PBXGroup section */
		4F04B3EF4942BCB0FAF5C00E /* Pods */ = {
			isa = PBXGroup;
			children = (
				B72F694094BBA96BAD5C6C16 /* Pods-berri.debug.xcconfig */,
				FAD7BA840EB3F47A1F96E8B2 /* Pods-berri.release.xcconfig */,
			);
			path = Pods;
			sourceTree = "<group>";
		};
		9BA25F07DC9E21AC312D90BF /* Frameworks */ = {
			isa = PBXGroup;
			children = (
				CA1C8322DFE7B63A591C1F5E /* Pods_berri.framework */,
			);
			name = Frameworks;
			sourceTree = "<group>";
		};
		C798FAE6265F415C00EC2936 = {
			isa = PBXGroup;
			children = (
				C798FAF1265F415D00EC2936 /* berri */,
				C798FAF0265F415D00EC2936 /* Products */,
				4F04B3EF4942BCB0FAF5C00E /* Pods */,
				9BA25F07DC9E21AC312D90BF /* Frameworks */,
			);
			sourceTree = "<group>";
		};
		C798FAF0265F415D00EC2936 /* Products */ = {
			isa = PBXGroup;
			children = (
				C798FAEF265F415D00EC2936 /* berri.app */,
			);
			name = Products;
			sourceTree = "<group>";
		};
		C798FAF1265F415D00EC2936 /* berri */ = {
			isa = PBXGroup;
			children = (
				C798FAF2265F415D00EC2936 /* berriApp.swift */,
				2298BB482667022600BFC9D8 /* MoneyForm.swift */,
				C798FAF4265F415D00EC2936 /* ContentView.swift */,
				DB8645AA26658927005625F7 /* total.swift */,
				DB8645A426633562005625F7 /* expenditures.swift */,
				DB8645AC2665B3F0005625F7 /* write.swift */,
				C798FAF6265F415F00EC2936 /* Assets.xcassets */,
				C798FB03265F430A00EC2936 /* GoogleService-Info.plist */,
				C798FAFB265F415F00EC2936 /* Info.plist */,
				C798FAF8265F415F00EC2936 /* Preview Content */,
				DB8645A826634024005625F7 /* models.swift */,
			);
			path = berri;
			sourceTree = "<group>";
		};
		C798FAF8265F415F00EC2936 /* Preview Content */ = {
			isa = PBXGroup;
			children = (
				C798FAF9265F415F00EC2936 /* Preview Assets.xcassets */,
			);
			path = "Preview Content";
			sourceTree = "<group>";
		};
/* End PBXGroup section */

/* Begin PBXNativeTarget section */
		C798FAEE265F415D00EC2936 /* berri */ = {
			isa = PBXNativeTarget;
			buildConfigurationList = C798FAFE265F415F00EC2936 /* Build configuration list for PBXNativeTarget "berri" */;
			buildPhases = (
				B7FB21D58A0EFA2220FEC56A /* [CP] Check Pods Manifest.lock */,
				C798FAEB265F415D00EC2936 /* Sources */,
				C798FAEC265F415D00EC2936 /* Frameworks */,
				C798FAED265F415D00EC2936 /* Resources */,
				3E91BB81F7354BBB46D96BFD /* [CP] Embed Pods Frameworks */,
			);
			buildRules = (
			);
			dependencies = (
			);
			name = berri;
			packageProductDependencies = (
				2298BB452665D84B00BFC9D8 /* SwiftUIKit */,
			);
			productName = berri;
			productReference = C798FAEF265F415D00EC2936 /* berri.app */;
			productType = "com.apple.product-type.application";
		};
/* End PBXNativeTarget section */

/* Begin PBXProject section */
		C798FAE7265F415C00EC2936 /* Project object */ = {
			isa = PBXProject;
			attributes = {
				LastSwiftUpdateCheck = 1250;
				LastUpgradeCheck = 1250;
				TargetAttributes = {
					C798FAEE265F415D00EC2936 = {
						CreatedOnToolsVersion = 12.5;
					};
				};
			};
			buildConfigurationList = C798FAEA265F415C00EC2936 /* Build configuration list for PBXProject "berri" */;
			compatibilityVersion = "Xcode 9.3";
			developmentRegion = en;
			hasScannedForEncodings = 0;
			knownRegions = (
				en,
				Base,
			);
			mainGroup = C798FAE6265F415C00EC2936;
			packageReferences = (
				2298BB442665D84B00BFC9D8 /* XCRemoteSwiftPackageReference "SwiftUIKit" */,
			);
			productRefGroup = C798FAF0265F415D00EC2936 /* Products */;
			projectDirPath = "";
			projectRoot = "";
			targets = (
				C798FAEE265F415D00EC2936 /* berri */,
			);
		};
/* End PBXProject section */

/* Begin PBXResourcesBuildPhase section */
		C798FAED265F415D00EC2936 /* Resources */ = {
			isa = PBXResourcesBuildPhase;
			buildActionMask = 2147483647;
			files = (
				C798FAFA265F415F00EC2936 /* Preview Assets.xcassets in Resources */,
				C798FAF7265F415F00EC2936 /* Assets.xcassets in Resources */,
				C798FB04265F430A00EC2936 /* GoogleService-Info.plist in Resources */,
			);
			runOnlyForDeploymentPostprocessing = 0;
		};
/* End PBXResourcesBuildPhase section */

/* Begin PBXShellScriptBuildPhase section */
		3E91BB81F7354BBB46D96BFD /* [CP] Embed Pods Frameworks */ = {
			isa = PBXShellScriptBuildPhase;
			buildActionMask = 2147483647;
			files = (
			);
			inputFileListPaths = (
				"${PODS_ROOT}/Target Support Files/Pods-berri/Pods-berri-frameworks-${CONFIGURATION}-input-files.xcfilelist",
			);
			name = "[CP] Embed Pods Frameworks";
			outputFileListPaths = (
				"${PODS_ROOT}/Target Support Files/Pods-berri/Pods-berri-frameworks-${CONFIGURATION}-output-files.xcfilelist",
			);
			runOnlyForDeploymentPostprocessing = 0;
			shellPath = /bin/sh;
			shellScript = "\"${PODS_ROOT}/Target Support Files/Pods-berri/Pods-berri-frameworks.sh\"\n";
			showEnvVarsInLog = 0;
		};
		B7FB21D58A0EFA2220FEC56A /* [CP] Check Pods Manifest.lock */ = {
			isa = PBXShellScriptBuildPhase;
			buildActionMask = 2147483647;
			files = (
			);
			inputFileListPaths = (
			);
			inputPaths = (
				"${PODS_PODFILE_DIR_PATH}/Podfile.lock",
				"${PODS_ROOT}/Manifest.lock",
			);
			name = "[CP] Check Pods Manifest.lock";
			outputFileListPaths = (
			);
			outputPaths = (
				"$(DERIVED_FILE_DIR)/Pods-berri-checkManifestLockResult.txt",
			);
			runOnlyForDeploymentPostprocessing = 0;
			shellPath = /bin/sh;
			shellScript = "diff \"${PODS_PODFILE_DIR_PATH}/Podfile.lock\" \"${PODS_ROOT}/Manifest.lock\" > /dev/null\nif [ $? != 0 ] ; then\n    # print error to STDERR\n    echo \"error: The sandbox is not in sync with the Podfile.lock. Run 'pod install' or update your CocoaPods installation.\" >&2\n    exit 1\nfi\n# This output is used by Xcode 'outputs' to avoid re-running this script phase.\necho \"SUCCESS\" > \"${SCRIPT_OUTPUT_FILE_0}\"\n";
			showEnvVarsInLog = 0;
		};
/* End PBXShellScriptBuildPhase section */

/* Begin PBXSourcesBuildPhase section */
		C798FAEB265F415D00EC2936 /* Sources */ = {
			isa = PBXSourcesBuildPhase;
			buildActionMask = 2147483647;
			files = (
				C798FAF5265F415D00EC2936 /* ContentView.swift in Sources */,
				DB8645AD2665B3F0005625F7 /* write.swift in Sources */,
				2298BB492667022700BFC9D8 /* MoneyForm.swift in Sources */,
				C798FAF3265F415D00EC2936 /* berriApp.swift in Sources */,
				DB8645A526633562005625F7 /* expenditures.swift in Sources */,
				DB8645A926634024005625F7 /* models.swift in Sources */,
				DB8645AB26658927005625F7 /* total.swift in Sources */,
			);
			runOnlyForDeploymentPostprocessing = 0;
		};
/* End PBXSourcesBuildPhase section */

/* Begin XCBuildConfiguration section */
		C798FAFC265F415F00EC2936 /* Debug */ = {
			isa = XCBuildConfiguration;
			buildSettings = {
				ALWAYS_SEARCH_USER_PATHS = NO;
				CLANG_ANALYZER_NONNULL = YES;
				CLANG_ANALYZER_NUMBER_OBJECT_CONVERSION = YES_AGGRESSIVE;
				CLANG_CXX_LANGUAGE_STANDARD = "gnu++14";
				CLANG_CXX_LIBRARY = "libc++";
				CLANG_ENABLE_MODULES = YES;
				CLANG_ENABLE_OBJC_ARC = YES;
				CLANG_ENABLE_OBJC_WEAK = YES;
				CLANG_WARN_BLOCK_CAPTURE_AUTORELEASING = YES;
				CLANG_WARN_BOOL_CONVERSION = YES;
				CLANG_WARN_COMMA = YES;
				CLANG_WARN_CONSTANT_CONVERSION = YES;
				CLANG_WARN_DEPRECATED_OBJC_IMPLEMENTATIONS = YES;
				CLANG_WARN_DIRECT_OBJC_ISA_USAGE = YES_ERROR;
				CLANG_WARN_DOCUMENTATION_COMMENTS = YES;
				CLANG_WARN_EMPTY_BODY = YES;
				CLANG_WARN_ENUM_CONVERSION = YES;
				CLANG_WARN_INFINITE_RECURSION = YES;
				CLANG_WARN_INT_CONVERSION = YES;
				CLANG_WARN_NON_LITERAL_NULL_CONVERSION = YES;
				CLANG_WARN_OBJC_IMPLICIT_RETAIN_SELF = YES;
				CLANG_WARN_OBJC_LITERAL_CONVERSION = YES;
				CLANG_WARN_OBJC_ROOT_CLASS = YES_ERROR;
				CLANG_WARN_QUOTED_INCLUDE_IN_FRAMEWORK_HEADER = YES;
				CLANG_WARN_RANGE_LOOP_ANALYSIS = YES;
				CLANG_WARN_STRICT_PROTOTYPES = YES;
				CLANG_WARN_SUSPICIOUS_MOVE = YES;
				CLANG_WARN_UNGUARDED_AVAILABILITY = YES_AGGRESSIVE;
				CLANG_WARN_UNREACHABLE_CODE = YES;
				CLANG_WARN__DUPLICATE_METHOD_MATCH = YES;
				COPY_PHASE_STRIP = NO;
				DEBUG_INFORMATION_FORMAT = dwarf;
				ENABLE_STRICT_OBJC_MSGSEND = YES;
				ENABLE_TESTABILITY = YES;
				GCC_C_LANGUAGE_STANDARD = gnu11;
				GCC_DYNAMIC_NO_PIC = NO;
				GCC_NO_COMMON_BLOCKS = YES;
				GCC_OPTIMIZATION_LEVEL = 0;
				GCC_PREPROCESSOR_DEFINITIONS = (
					"DEBUG=1",
					"$(inherited)",
				);
				GCC_WARN_64_TO_32_BIT_CONVERSION = YES;
				GCC_WARN_ABOUT_RETURN_TYPE = YES_ERROR;
				GCC_WARN_UNDECLARED_SELECTOR = YES;
				GCC_WARN_UNINITIALIZED_AUTOS = YES_AGGRESSIVE;
				GCC_WARN_UNUSED_FUNCTION = YES;
				GCC_WARN_UNUSED_VARIABLE = YES;
				IPHONEOS_DEPLOYMENT_TARGET = 14.5;
				MTL_ENABLE_DEBUG_INFO = INCLUDE_SOURCE;
				MTL_FAST_MATH = YES;
				ONLY_ACTIVE_ARCH = YES;
				SDKROOT = iphoneos;
				SWIFT_ACTIVE_COMPILATION_CONDITIONS = DEBUG;
				SWIFT_OPTIMIZATION_LEVEL = "-Onone";
			};
			name = Debug;
		};
		C798FAFD265F415F00EC2936 /* Release */ = {
			isa = XCBuildConfiguration;
			buildSettings = {
				ALWAYS_SEARCH_USER_PATHS = NO;
				CLANG_ANALYZER_NONNULL = YES;
				CLANG_ANALYZER_NUMBER_OBJECT_CONVERSION = YES_AGGRESSIVE;
				CLANG_CXX_LANGUAGE_STANDARD = "gnu++14";
				CLANG_CXX_LIBRARY = "libc++";
				CLANG_ENABLE_MODULES = YES;
				CLANG_ENABLE_OBJC_ARC = YES;
				CLANG_ENABLE_OBJC_WEAK = YES;
				CLANG_WARN_BLOCK_CAPTURE_AUTORELEASING = YES;
				CLANG_WARN_BOOL_CONVERSION = YES;
				CLANG_WARN_COMMA = YES;
				CLANG_WARN_CONSTANT_CONVERSION = YES;
				CLANG_WARN_DEPRECATED_OBJC_IMPLEMENTATIONS = YES;
				CLANG_WARN_DIRECT_OBJC_ISA_USAGE = YES_ERROR;
				CLANG_WARN_DOCUMENTATION_COMMENTS = YES;
				CLANG_WARN_EMPTY_BODY = YES;
				CLANG_WARN_ENUM_CONVERSION = YES;
				CLANG_WARN_INFINITE_RECURSION = YES;
				CLANG_WARN_INT_CONVERSION = YES;
				CLANG_WARN_NON_LITERAL_NULL_CONVERSION = YES;
				CLANG_WARN_OBJC_IMPLICIT_RETAIN_SELF = YES;
				CLANG_WARN_OBJC_LITERAL_CONVERSION = YES;
				CLANG_WARN_OBJC_ROOT_CLASS = YES_ERROR;
				CLANG_WARN_QUOTED_INCLUDE_IN_FRAMEWORK_HEADER = YES;
				CLANG_WARN_RANGE_LOOP_ANALYSIS = YES;
				CLANG_WARN_STRICT_PROTOTYPES = YES;
				CLANG_WARN_SUSPICIOUS_MOVE = YES;
				CLANG_WARN_UNGUARDED_AVAILABILITY = YES_AGGRESSIVE;
				CLANG_WARN_UNREACHABLE_CODE = YES;
				CLANG_WARN__DUPLICATE_METHOD_MATCH = YES;
				COPY_PHASE_STRIP = NO;
				DEBUG_INFORMATION_FORMAT = "dwarf-with-dsym";
				ENABLE_NS_ASSERTIONS = NO;
				ENABLE_STRICT_OBJC_MSGSEND = YES;
				GCC_C_LANGUAGE_STANDARD = gnu11;
				GCC_NO_COMMON_BLOCKS = YES;
				GCC_WARN_64_TO_32_BIT_CONVERSION = YES;
				GCC_WARN_ABOUT_RETURN_TYPE = YES_ERROR;
				GCC_WARN_UNDECLARED_SELECTOR = YES;
				GCC_WARN_UNINITIALIZED_AUTOS = YES_AGGRESSIVE;
				GCC_WARN_UNUSED_FUNCTION = YES;
				GCC_WARN_UNUSED_VARIABLE = YES;
				IPHONEOS_DEPLOYMENT_TARGET = 14.5;
				MTL_ENABLE_DEBUG_INFO = NO;
				MTL_FAST_MATH = YES;
				SDKROOT = iphoneos;
				SWIFT_COMPILATION_MODE = wholemodule;
				SWIFT_OPTIMIZATION_LEVEL = "-O";
				VALIDATE_PRODUCT = YES;
			};
			name = Release;
		};
		C798FAFF265F415F00EC2936 /* Debug */ = {
			isa = XCBuildConfiguration;
			baseConfigurationReference = B72F694094BBA96BAD5C6C16 /* Pods-berri.debug.xcconfig */;
			buildSettings = {
				ASSETCATALOG_COMPILER_APPICON_NAME = AppIcon;
				ASSETCATALOG_COMPILER_GLOBAL_ACCENT_COLOR_NAME = AccentColor;
				CODE_SIGN_STYLE = Automatic;
				DEVELOPMENT_ASSET_PATHS = "\"berri/Preview Content\"";
				DEVELOPMENT_TEAM = LZKU673F93;
				ENABLE_PREVIEWS = YES;
				INFOPLIST_FILE = berri/Info.plist;
				IPHONEOS_DEPLOYMENT_TARGET = 14.0;
				LD_RUNPATH_SEARCH_PATHS = (
					"$(inherited)",
					"@executable_path/Frameworks",
				);
				PRODUCT_BUNDLE_IDENTIFIER = com.saatvikarya.berri;
				PRODUCT_NAME = "$(TARGET_NAME)";
				SWIFT_VERSION = 5.0;
				TARGETED_DEVICE_FAMILY = "1,2";
			};
			name = Debug;
		};
		C798FB00265F415F00EC2936 /* Release */ = {
			isa = XCBuildConfiguration;
			baseConfigurationReference = FAD7BA840EB3F47A1F96E8B2 /* Pods-berri.release.xcconfig */;
			buildSettings = {
				ASSETCATALOG_COMPILER_APPICON_NAME = AppIcon;
				ASSETCATALOG_COMPILER_GLOBAL_ACCENT_COLOR_NAME = AccentColor;
				CODE_SIGN_STYLE = Automatic;
				DEVELOPMENT_ASSET_PATHS = "\"berri/Preview Content\"";
				DEVELOPMENT_TEAM = LZKU673F93;
				ENABLE_PREVIEWS = YES;
				INFOPLIST_FILE = berri/Info.plist;
				IPHONEOS_DEPLOYMENT_TARGET = 14.0;
				LD_RUNPATH_SEARCH_PATHS = (
					"$(inherited)",
					"@executable_path/Frameworks",
				);
				PRODUCT_BUNDLE_IDENTIFIER = com.saatvikarya.berri;
				PRODUCT_NAME = "$(TARGET_NAME)";
				SWIFT_VERSION = 5.0;
				TARGETED_DEVICE_FAMILY = "1,2";
			};
			name = Release;
		};
/* End XCBuildConfiguration section */

/* Begin XCConfigurationList section */
		C798FAEA265F415C00EC2936 /* Build configuration list for PBXProject "berri" */ = {
			isa = XCConfigurationList;
			buildConfigurations = (
				C798FAFC265F415F00EC2936 /* Debug */,
				C798FAFD265F415F00EC2936 /* Release */,
			);
			defaultConfigurationIsVisible = 0;
			defaultConfigurationName = Release;
		};
		C798FAFE265F415F00EC2936 /* Build configuration list for PBXNativeTarget "berri" */ = {
			isa = XCConfigurationList;
			buildConfigurations = (
				C798FAFF265F415F00EC2936 /* Debug */,
				C798FB00265F415F00EC2936 /* Release */,
			);
			defaultConfigurationIsVisible = 0;
			defaultConfigurationName = Release;
		};
/* End XCConfigurationList section */

/* Begin XCRemoteSwiftPackageReference section */
		2298BB442665D84B00BFC9D8 /* XCRemoteSwiftPackageReference "SwiftUIKit" */ = {
			isa = XCRemoteSwiftPackageReference;
			repositoryURL = "https://github.com/youjinp/SwiftUIKit";
			requirement = {
				kind = upToNextMajorVersion;
				minimumVersion = 0.0.15;
			};
		};
/* End XCRemoteSwiftPackageReference section */

/* Begin XCSwiftPackageProductDependency section */
		2298BB452665D84B00BFC9D8 /* SwiftUIKit */ = {
			isa = XCSwiftPackageProductDependency;
			package = 2298BB442665D84B00BFC9D8 /* XCRemoteSwiftPackageReference "SwiftUIKit" */;
			productName = SwiftUIKit;
		};
/* End XCSwiftPackageProductDependency section */
	};
	rootObject = C798FAE7265F415C00EC2936 /* Project object */;
}
