{
  "object": {
    "pins": [
      {
        "package": "SwiftUIKit",
        "repositoryURL": "https://github.com/youjinp/SwiftUIKit",
        "state": {
          "branch": null,
          "revision": "3f3dc095ead21c90355e4b18ad6fc5ecb2bc97e7",
          "version": "0.0.15"
        }
      }
    ]
  },
  "version": 1
}
